
Microsoft Visual Studio Solution File, Format Version 12.00
# Visual Studio Version 17
VisualStudioVersion = 17.5.002.0
MinimumVisualStudioVersion = 10.0.40219.1
Project("{9A19103F-16F7-4668-BE54-9A1E7A4F7556}") = "BlogAPI", "BlogAPI.csproj", "{10688500-393D-4292-BC79-3B09F734D6A2}"
EndProject
Global
	GlobalSection(SolutionConfigurationPlatforms) = preSolution
		Debug|Any CPU = Debug|Any CPU
		Release|Any CPU = Release|Any CPU
	EndGlobalSection
	GlobalSection(ProjectConfigurationPlatforms) = postSolution
		{10688500-393D-4292-BC79-3B09F734D6A2}.Debug|Any CPU.ActiveCfg = Debug|Any CPU
		{10688500-393D-4292-BC79-3B09F734D6A2}.Debug|Any CPU.Build.0 = Debug|Any CPU
		{10688500-393D-4292-BC79-3B09F734D6A2}.Release|Any CPU.ActiveCfg = Release|Any CPU
		{10688500-393D-4292-BC79-3B09F734D6A2}.Release|Any CPU.Build.0 = Release|Any CPU
	EndGlobalSection
	GlobalSection(SolutionProperties) = preSolution
		HideSolutionNode = FALSE
	EndGlobalSection
	GlobalSection(ExtensibilityGlobals) = postSolution
		SolutionGuid = {4735D5FD-3F21-4E61-9844-CBFCD93EAA53}
	EndGlobalSection
EndGlobal
